
Microsoft Visual Studio Solution File, Format Version 12.00
# Visual Studio Version 17
VisualStudioVersion = 17.0.31903.59
MinimumVisualStudioVersion = 10.0.40219.1
Project("{2150E333-8FDC-42A3-9474-1A3956D46DE8}") = "Backend", "Backend", "{1AE8ACA6-933B-BF2A-3671-3E2EAC007D16}"
EndProject
Project("{FAE04EC0-301F-11D3-BF4B-00C04F79EFBC}") = "MovieApp.Domain", "Backend\MovieApp.Domain\MovieApp.Domain.csproj", "{F8058C33-954D-45EC-9BC3-46FF0EB51F2A}"
EndProject
Project("{FAE04EC0-301F-11D3-BF4B-00C04F79EFBC}") = "MovieApp.Application", "Backend\MovieApp.Application\MovieApp.Application.csproj", "{99DFCBE9-EA3E-4A6C-BDEE-077B7ECC21E7}"
EndProject
Project("{FAE04EC0-301F-11D3-BF4B-00C04F79EFBC}") = "MovieApp.Infrastructure", "Backend\MovieApp.Infrastructure\MovieApp.Infrastructure.csproj", "{8643C29D-AF5D-4D8D-89D1-45A037596612}"
EndProject
Project("{FAE04EC0-301F-11D3-BF4B-00C04F79EFBC}") = "MovieApp.API", "Backend\MovieApp.API\MovieApp.API.csproj", "{7897512B-663F-45EB-A7A3-36F271C3673F}"
EndProject
Project("{2150E333-8FDC-42A3-9474-1A3956D46DE8}") = "Frontend", "Frontend", "{CE609670-85B9-0D16-FB54-ED063D5D8A6D}"
EndProject
Project("{FAE04EC0-301F-11D3-BF4B-00C04F79EFBC}") = "MovieApp.WPF", "Frontend\MovieApp.WPF\MovieApp.WPF.csproj", "{C99EA678-3414-4B15-B06D-F4B8FA40DBBF}"
EndProject
Global
	GlobalSection(SolutionConfigurationPlatforms) = preSolution
		Debug|Any CPU = Debug|Any CPU
		Debug|x64 = Debug|x64
		Debug|x86 = Debug|x86
		Release|Any CPU = Release|Any CPU
		Release|x64 = Release|x64
		Release|x86 = Release|x86
	EndGlobalSection
	GlobalSection(ProjectConfigurationPlatforms) = postSolution
		{F8058C33-954D-45EC-9BC3-46FF0EB51F2A}.Debug|Any CPU.ActiveCfg = Debug|Any CPU
		{F8058C33-954D-45EC-9BC3-46FF0EB51F2A}.Debug|Any CPU.Build.0 = Debug|Any CPU
		{F8058C33-954D-45EC-9BC3-46FF0EB51F2A}.Debug|x64.ActiveCfg = Debug|Any CPU
		{F8058C33-954D-45EC-9BC3-46FF0EB51F2A}.Debug|x64.Build.0 = Debug|Any CPU
		{F8058C33-954D-45EC-9BC3-46FF0EB51F2A}.Debug|x86.ActiveCfg = Debug|Any CPU
		{F8058C33-954D-45EC-9BC3-46FF0EB51F2A}.Debug|x86.Build.0 = Debug|Any CPU
		{F8058C33-954D-45EC-9BC3-46FF0EB51F2A}.Release|Any CPU.ActiveCfg = Release|Any CPU
		{F8058C33-954D-45EC-9BC3-46FF0EB51F2A}.Release|Any CPU.Build.0 = Release|Any CPU
		{F8058C33-954D-45EC-9BC3-46FF0EB51F2A}.Release|x64.ActiveCfg = Release|Any CPU
		{F8058C33-954D-45EC-9BC3-46FF0EB51F2A}.Release|x64.Build.0 = Release|Any CPU
		{F8058C33-954D-45EC-9BC3-46FF0EB51F2A}.Release|x86.ActiveCfg = Release|Any CPU
		{F8058C33-954D-45EC-9BC3-46FF0EB51F2A}.Release|x86.Build.0 = Release|Any CPU
		{99DFCBE9-EA3E-4A6C-BDEE-077B7ECC21E7}.Debug|Any CPU.ActiveCfg = Debug|Any CPU
		{99DFCBE9-EA3E-4A6C-BDEE-077B7ECC21E7}.Debug|Any CPU.Build.0 = Debug|Any CPU
		{99DFCBE9-EA3E-4A6C-BDEE-077B7ECC21E7}.Debug|x64.ActiveCfg = Debug|Any CPU
		{99DFCBE9-EA3E-4A6C-BDEE-077B7ECC21E7}.Debug|x64.Build.0 = Debug|Any CPU
		{99DFCBE9-EA3E-4A6C-BDEE-077B7ECC21E7}.Debug|x86.ActiveCfg = Debug|Any CPU
		{99DFCBE9-EA3E-4A6C-BDEE-077B7ECC21E7}.Debug|x86.Build.0 = Debug|Any CPU
		{99DFCBE9-EA3E-4A6C-BDEE-077B7ECC21E7}.Release|Any CPU.ActiveCfg = Release|Any CPU
		{99DFCBE9-EA3E-4A6C-BDEE-077B7ECC21E7}.Release|Any CPU.Build.0 = Release|Any CPU
		{99DFCBE9-EA3E-4A6C-BDEE-077B7ECC21E7}.Release|x64.ActiveCfg = Release|Any CPU
		{99DFCBE9-EA3E-4A6C-BDEE-077B7ECC21E7}.Release|x64.Build.0 = Release|Any CPU
		{99DFCBE9-EA3E-4A6C-BDEE-077B7ECC21E7}.Release|x86.ActiveCfg = Release|Any CPU
		{99DFCBE9-EA3E-4A6C-BDEE-077B7ECC21E7}.Release|x86.Build.0 = Release|Any CPU
		{8643C29D-AF5D-4D8D-89D1-45A037596612}.Debug|Any CPU.ActiveCfg = Debug|Any CPU
		{8643C29D-AF5D-4D8D-89D1-45A037596612}.Debug|Any CPU.Build.0 = Debug|Any CPU
		{8643C29D-AF5D-4D8D-89D1-45A037596612}.Debug|x64.ActiveCfg = Debug|Any CPU
		{8643C29D-AF5D-4D8D-89D1-45A037596612}.Debug|x64.Build.0 = Debug|Any CPU
		{8643C29D-AF5D-4D8D-89D1-45A037596612}.Debug|x86.ActiveCfg = Debug|Any CPU
		{8643C29D-AF5D-4D8D-89D1-45A037596612}.Debug|x86.Build.0 = Debug|Any CPU
		{8643C29D-AF5D-4D8D-89D1-45A037596612}.Release|Any CPU.ActiveCfg = Release|Any CPU
		{8643C29D-AF5D-4D8D-89D1-45A037596612}.Release|Any CPU.Build.0 = Release|Any CPU
		{8643C29D-AF5D-4D8D-89D1-45A037596612}.Release|x64.ActiveCfg = Release|Any CPU
		{8643C29D-AF5D-4D8D-89D1-45A037596612}.Release|x64.Build.0 = Release|Any CPU
		{8643C29D-AF5D-4D8D-89D1-45A037596612}.Release|x86.ActiveCfg = Release|Any CPU
		{8643C29D-AF5D-4D8D-89D1-45A037596612}.Release|x86.Build.0 = Release|Any CPU
		{7897512B-663F-45EB-A7A3-36F271C3673F}.Debug|Any CPU.ActiveCfg = Debug|Any CPU
		{7897512B-663F-45EB-A7A3-36F271C3673F}.Debug|Any CPU.Build.0 = Debug|Any CPU
		{7897512B-663F-45EB-A7A3-36F271C3673F}.Debug|x64.ActiveCfg = Debug|Any CPU
		{7897512B-663F-45EB-A7A3-36F271C3673F}.Debug|x64.Build.0 = Debug|Any CPU
		{7897512B-663F-45EB-A7A3-36F271C3673F}.Debug|x86.ActiveCfg = Debug|Any CPU
		{7897512B-663F-45EB-A7A3-36F271C3673F}.Debug|x86.Build.0 = Debug|Any CPU
		{7897512B-663F-45EB-A7A3-36F271C3673F}.Release|Any CPU.ActiveCfg = Release|Any CPU
		{7897512B-663F-45EB-A7A3-36F271C3673F}.Release|Any CPU.Build.0 = Release|Any CPU
		{7897512B-663F-45EB-A7A3-36F271C3673F}.Release|x64.ActiveCfg = Release|Any CPU
		{7897512B-663F-45EB-A7A3-36F271C3673F}.Release|x64.Build.0 = Release|Any CPU
		{7897512B-663F-45EB-A7A3-36F271C3673F}.Release|x86.ActiveCfg = Release|Any CPU
		{7897512B-663F-45EB-A7A3-36F271C3673F}.Release|x86.Build.0 = Release|Any CPU
		{C99EA678-3414-4B15-B06D-F4B8FA40DBBF}.Debug|Any CPU.ActiveCfg = Debug|Any CPU
		{C99EA678-3414-4B15-B06D-F4B8FA40DBBF}.Debug|Any CPU.Build.0 = Debug|Any CPU
		{C99EA678-3414-4B15-B06D-F4B8FA40DBBF}.Debug|x64.ActiveCfg = Debug|Any CPU
		{C99EA678-3414-4B15-B06D-F4B8FA40DBBF}.Debug|x64.Build.0 = Debug|Any CPU
		{C99EA678-3414-4B15-B06D-F4B8FA40DBBF}.Debug|x86.ActiveCfg = Debug|Any CPU
		{C99EA678-3414-4B15-B06D-F4B8FA40DBBF}.Debug|x86.Build.0 = Debug|Any CPU
		{C99EA678-3414-4B15-B06D-F4B8FA40DBBF}.Release|Any CPU.ActiveCfg = Release|Any CPU
		{C99EA678-3414-4B15-B06D-F4B8FA40DBBF}.Release|Any CPU.Build.0 = Release|Any CPU
		{C99EA678-3414-4B15-B06D-F4B8FA40DBBF}.Release|x64.ActiveCfg = Release|Any CPU
		{C99EA678-3414-4B15-B06D-F4B8FA40DBBF}.Release|x64.Build.0 = Release|Any CPU
		{C99EA678-3414-4B15-B06D-F4B8FA40DBBF}.Release|x86.ActiveCfg = Release|Any CPU
		{C99EA678-3414-4B15-B06D-F4B8FA40DBBF}.Release|x86.Build.0 = Release|Any CPU
	EndGlobalSection
	GlobalSection(SolutionProperties) = preSolution
		HideSolutionNode = FALSE
	EndGlobalSection
	GlobalSection(NestedProjects) = preSolution
		{F8058C33-954D-45EC-9BC3-46FF0EB51F2A} = {1AE8ACA6-933B-BF2A-3671-3E2EAC007D16}
		{99DFCBE9-EA3E-4A6C-BDEE-077B7ECC21E7} = {1AE8ACA6-933B-BF2A-3671-3E2EAC007D16}
		{8643C29D-AF5D-4D8D-89D1-45A037596612} = {1AE8ACA6-933B-BF2A-3671-3E2EAC007D16}
		{7897512B-663F-45EB-A7A3-36F271C3673F} = {1AE8ACA6-933B-BF2A-3671-3E2EAC007D16}
		{C99EA678-3414-4B15-B06D-F4B8FA40DBBF} = {CE609670-85B9-0D16-FB54-ED063D5D8A6D}
	EndGlobalSection
EndGlobal
